
Microsoft Visual Studio Solution File, Format Version 12.00
# Visual Studio Version 17
VisualStudioVersion = 17.4.33213.308
MinimumVisualStudioVersion = 10.0.40219.1
Project("{FAE04EC0-301F-11D3-BF4B-00C04F79EFBC}") = "lab 1 creating class", "lab 1 creating class\lab 1 creating class.csproj", "{8DBE3DC9-DB43-4CC8-9216-8106BDF13F5E}"
EndProject
Global
	GlobalSection(SolutionConfigurationPlatforms) = preSolution
		Debug|Any CPU = Debug|Any CPU
		Release|Any CPU = Release|Any CPU
	EndGlobalSection
	GlobalSection(ProjectConfigurationPlatforms) = postSolution
		{8DBE3DC9-DB43-4CC8-9216-8106BDF13F5E}.Debug|Any CPU.ActiveCfg = Debug|Any CPU
		{8DBE3DC9-DB43-4CC8-9216-8106BDF13F5E}.Debug|Any CPU.Build.0 = Debug|Any CPU
		{8DBE3DC9-DB43-4CC8-9216-8106BDF13F5E}.Release|Any CPU.ActiveCfg = Release|Any CPU
		{8DBE3DC9-DB43-4CC8-9216-8106BDF13F5E}.Release|Any CPU.Build.0 = Release|Any CPU
	EndGlobalSection
	GlobalSection(SolutionProperties) = preSolution
		HideSolutionNode = FALSE
	EndGlobalSection
	GlobalSection(ExtensibilityGlobals) = postSolution
		SolutionGuid = {030F92E1-B5F7-4796-B0CC-B18891438154}
	EndGlobalSection
EndGlobal
